
Microsoft Visual Studio Solution File, Format Version 12.00
# Visual Studio 14
VisualStudioVersion = 14.0.25420.1
MinimumVisualStudioVersion = 10.0.40219.1
Project("{F2A71F9B-5D33-465A-A702-920D77279786}") = "1.Generate.Secure.Token", "1.Generate.Secure.Token\1.Generate.Secure.Token.fsproj", "{D64BC63F-BCAF-47AD-828B-1BEEDA568BE6}"
EndProject
Project("{F2A71F9B-5D33-465A-A702-920D77279786}") = "2.Create.ResourceGroup.With.AppService", "2.Create.ResourceGroup.With.AppService\2.Create.ResourceGroup.With.AppService.fsproj", "{0FA79CDC-A058-41B1-9343-28D92936B677}"
EndProject
Project("{F2A71F9B-5D33-465A-A702-920D77279786}") = "3.Create.ResourceGroup.With.AppService.And.SqlServer", "3.Create.ResourceGroup.With.AppService.And.SqlServer\3.Create.ResourceGroup.With.AppService.And.SqlServer.fsproj", "{FFBC8F06-B5C4-4DB5-96CA-B399C6D21312}"
EndProject
Project("{2150E333-8FDC-42A3-9474-1A3956D46DE8}") = ".paket", ".paket", "{A707E347-87A9-4068-A062-E0DEC73F2097}"
	ProjectSection(SolutionItems) = preProject
		paket.dependencies = paket.dependencies
	EndProjectSection
EndProject
Project("{2150E333-8FDC-42A3-9474-1A3956D46DE8}") = ".licence", ".licence", "{0B807C1A-5099-404B-BAB1-FB65E4FD6D0A}"
	ProjectSection(SolutionItems) = preProject
		LICENSE = LICENSE
	EndProjectSection
EndProject
Project("{2150E333-8FDC-42A3-9474-1A3956D46DE8}") = ".build", ".build", "{1813AE2B-D569-478F-BB83-AC539D43B14F}"
	ProjectSection(SolutionItems) = preProject
		appveyor.yml = appveyor.yml
	EndProjectSection
EndProject
Project("{2150E333-8FDC-42A3-9474-1A3956D46DE8}") = ".docs", ".docs", "{73C8D467-0975-4AAB-A56D-26BD0117CEBD}"
	ProjectSection(SolutionItems) = preProject
		README.md = README.md
	EndProjectSection
EndProject
Global
	GlobalSection(SolutionConfigurationPlatforms) = preSolution
		Debug|Any CPU = Debug|Any CPU
		Release|Any CPU = Release|Any CPU
	EndGlobalSection
	GlobalSection(ProjectConfigurationPlatforms) = postSolution
		{D64BC63F-BCAF-47AD-828B-1BEEDA568BE6}.Debug|Any CPU.ActiveCfg = Debug|Any CPU
		{D64BC63F-BCAF-47AD-828B-1BEEDA568BE6}.Debug|Any CPU.Build.0 = Debug|Any CPU
		{D64BC63F-BCAF-47AD-828B-1BEEDA568BE6}.Release|Any CPU.ActiveCfg = Release|Any CPU
		{D64BC63F-BCAF-47AD-828B-1BEEDA568BE6}.Release|Any CPU.Build.0 = Release|Any CPU
		{0FA79CDC-A058-41B1-9343-28D92936B677}.Debug|Any CPU.ActiveCfg = Debug|Any CPU
		{0FA79CDC-A058-41B1-9343-28D92936B677}.Debug|Any CPU.Build.0 = Debug|Any CPU
		{0FA79CDC-A058-41B1-9343-28D92936B677}.Release|Any CPU.ActiveCfg = Release|Any CPU
		{0FA79CDC-A058-41B1-9343-28D92936B677}.Release|Any CPU.Build.0 = Release|Any CPU
		{FFBC8F06-B5C4-4DB5-96CA-B399C6D21312}.Debug|Any CPU.ActiveCfg = Debug|Any CPU
		{FFBC8F06-B5C4-4DB5-96CA-B399C6D21312}.Debug|Any CPU.Build.0 = Debug|Any CPU
		{FFBC8F06-B5C4-4DB5-96CA-B399C6D21312}.Release|Any CPU.ActiveCfg = Release|Any CPU
		{FFBC8F06-B5C4-4DB5-96CA-B399C6D21312}.Release|Any CPU.Build.0 = Release|Any CPU
	EndGlobalSection
	GlobalSection(SolutionProperties) = preSolution
		HideSolutionNode = FALSE
	EndGlobalSection
EndGlobal
